
Microsoft Visual Studio Solution File, Format Version 12.00
# Visual Studio 15
VisualStudioVersion = 15.0.28307.489
MinimumVisualStudioVersion = 10.0.40219.1
Project("{FAE04EC0-301F-11D3-BF4B-00C04F79EFBC}") = "MVCWebsite", "MVCWebsite\MVCWebsite.csproj", "{8DB5F594-E196-4CC8-A61E-F0014E9F842D}"
EndProject
Project("{FAE04EC0-301F-11D3-BF4B-00C04F79EFBC}") = "MVCWebsite.db", "MVCWebsite.db\MVCWebsite.db.csproj", "{7C90A6CC-1349-40D6-84F7-2526A0CA8A9C}"
EndProject
Project("{FAE04EC0-301F-11D3-BF4B-00C04F79EFBC}") = "MVCWebsite.model", "MVCWebsite.model\MVCWebsite.model.csproj", "{9C028189-D5AD-4B16-92F2-E304A6783F79}"
EndProject
Global
	GlobalSection(SolutionConfigurationPlatforms) = preSolution
		Debug|Any CPU = Debug|Any CPU
		Release|Any CPU = Release|Any CPU
	EndGlobalSection
	GlobalSection(ProjectConfigurationPlatforms) = postSolution
		{8DB5F594-E196-4CC8-A61E-F0014E9F842D}.Debug|Any CPU.ActiveCfg = Debug|Any CPU
		{8DB5F594-E196-4CC8-A61E-F0014E9F842D}.Debug|Any CPU.Build.0 = Debug|Any CPU
		{8DB5F594-E196-4CC8-A61E-F0014E9F842D}.Release|Any CPU.ActiveCfg = Release|Any CPU
		{8DB5F594-E196-4CC8-A61E-F0014E9F842D}.Release|Any CPU.Build.0 = Release|Any CPU
		{7C90A6CC-1349-40D6-84F7-2526A0CA8A9C}.Debug|Any CPU.ActiveCfg = Debug|Any CPU
		{7C90A6CC-1349-40D6-84F7-2526A0CA8A9C}.Debug|Any CPU.Build.0 = Debug|Any CPU
		{7C90A6CC-1349-40D6-84F7-2526A0CA8A9C}.Release|Any CPU.ActiveCfg = Release|Any CPU
		{7C90A6CC-1349-40D6-84F7-2526A0CA8A9C}.Release|Any CPU.Build.0 = Release|Any CPU
		{9C028189-D5AD-4B16-92F2-E304A6783F79}.Debug|Any CPU.ActiveCfg = Debug|Any CPU
		{9C028189-D5AD-4B16-92F2-E304A6783F79}.Debug|Any CPU.Build.0 = Debug|Any CPU
		{9C028189-D5AD-4B16-92F2-E304A6783F79}.Release|Any CPU.ActiveCfg = Release|Any CPU
		{9C028189-D5AD-4B16-92F2-E304A6783F79}.Release|Any CPU.Build.0 = Release|Any CPU
	EndGlobalSection
	GlobalSection(SolutionProperties) = preSolution
		HideSolutionNode = FALSE
	EndGlobalSection
	GlobalSection(ExtensibilityGlobals) = postSolution
		SolutionGuid = {7E8DC0E8-A2AD-4C41-A709-19EC8883BDD7}
	EndGlobalSection
EndGlobal
